// !$*UTF8*$!
{
	archiveVersion = 1;
	classes = {
	};
	objectVersion = 56;
	objects = {

/* Begin PBXBuildFile section */
		7C03F7BF2BA1762500FB748C /* Realm in Frameworks */ = {isa = PBXBuildFile; productRef = 7C03F7BE2BA1762500FB748C /* Realm */; };
		7C03F7C12BA1762500FB748C /* RealmSwift in Frameworks */ = {isa = PBXBuildFile; productRef = 7C03F7C02BA1762500FB748C /* RealmSwift */; };
		7C03F7C42BA1765A00FB748C /* RxCocoa in Frameworks */ = {isa = PBXBuildFile; productRef = 7C03F7C32BA1765A00FB748C /* RxCocoa */; };
		7C03F7C62BA1765A00FB748C /* RxSwift in Frameworks */ = {isa = PBXBuildFile; productRef = 7C03F7C52BA1765A00FB748C /* RxSwift */; };
		7C03F7CC2BA177FA00FB748C /* UserPlaylistRepository.swift in Sources */ = {isa = PBXBuildFile; fileRef = 7C03F7CB2BA177FA00FB748C /* UserPlaylistRepository.swift */; };
		7C03F7CE2BA1792C00FB748C /* Repository.swift in Sources */ = {isa = PBXBuildFile; fileRef = 7C03F7CD2BA1792C00FB748C /* Repository.swift */; };
		7C03F7D02BA179D800FB748C /* Array+.swift in Sources */ = {isa = PBXBuildFile; fileRef = 7C03F7CF2BA179D800FB748C /* Array+.swift */; };
		7C044BF42BADA71F007E910E /* LibraryListViewController.swift in Sources */ = {isa = PBXBuildFile; fileRef = 7C044BF32BADA71F007E910E /* LibraryListViewController.swift */; };
		7C044BF62BADA74D007E910E /* LibraryListViewModel.swift in Sources */ = {isa = PBXBuildFile; fileRef = 7C044BF52BADA74D007E910E /* LibraryListViewModel.swift */; };
		7C044BF82BADA7B5007E910E /* LibraryListCoordinator.swift in Sources */ = {isa = PBXBuildFile; fileRef = 7C044BF72BADA7B5007E910E /* LibraryListCoordinator.swift */; };
		7C0B94352BA991E600F6E2C0 /* MarqueeLabel.swift in Sources */ = {isa = PBXBuildFile; fileRef = 7C0B94342BA991E600F6E2C0 /* MarqueeLabel.swift */; };
		7C0F59C92BB1CBAC009BA3B0 /* GoogleService-Info.plist in Resources */ = {isa = PBXBuildFile; fileRef = 7C0F59C82BB1CBAC009BA3B0 /* GoogleService-Info.plist */; };
		7C0F59CC2BB1CC03009BA3B0 /* FirebaseAnalyticsWithoutAdIdSupport in Frameworks */ = {isa = PBXBuildFile; productRef = 7C0F59CB2BB1CC03009BA3B0 /* FirebaseAnalyticsWithoutAdIdSupport */; };
		7C0F59CE2BB1CC03009BA3B0 /* FirebaseCrashlytics in Frameworks */ = {isa = PBXBuildFile; productRef = 7C0F59CD2BB1CC03009BA3B0 /* FirebaseCrashlytics */; };
		7C131C542BA44387004B3FF2 /* MusicRepository.swift in Sources */ = {isa = PBXBuildFile; fileRef = 7C131C532BA44387004B3FF2 /* MusicRepository.swift */; };
		7C131C592BA4730A004B3FF2 /* UserDefaultsManager.swift in Sources */ = {isa = PBXBuildFile; fileRef = 7C131C582BA4730A004B3FF2 /* UserDefaultsManager.swift */; };
		7C131C5B2BA4ADC1004B3FF2 /* MiniPlayerView.swift in Sources */ = {isa = PBXBuildFile; fileRef = 7C131C5A2BA4ADC1004B3FF2 /* MiniPlayerView.swift */; };
		7C131C5E2BA4B93F004B3FF2 /* RxGesture in Frameworks */ = {isa = PBXBuildFile; productRef = 7C131C5D2BA4B93F004B3FF2 /* RxGesture */; };
		7C286FD92BA88B1700244559 /* MixCell.swift in Sources */ = {isa = PBXBuildFile; fileRef = 7C286FD82BA88B1700244559 /* MixCell.swift */; };
		7C2F2A5A2BB075A900FE6CE2 /* LaunchViewController.swift in Sources */ = {isa = PBXBuildFile; fileRef = 7C2F2A592BB075A900FE6CE2 /* LaunchViewController.swift */; };
		7C2F2A5C2BB0B4EB00FE6CE2 /* ReelsCellViewModel.swift in Sources */ = {isa = PBXBuildFile; fileRef = 7C2F2A5B2BB0B4EB00FE6CE2 /* ReelsCellViewModel.swift */; };
		7C3927672BA32B150074F87E /* FMSlider.swift in Sources */ = {isa = PBXBuildFile; fileRef = 7C3927662BA32B150074F87E /* FMSlider.swift */; };
		7C3927692BA341590074F87E /* MusicRecommendViewController.swift in Sources */ = {isa = PBXBuildFile; fileRef = 7C3927682BA341590074F87E /* MusicRecommendViewController.swift */; };
		7C39276F2BA341BA0074F87E /* TrendingHeaderView.swift in Sources */ = {isa = PBXBuildFile; fileRef = 7C39276E2BA341BA0074F87E /* TrendingHeaderView.swift */; };
		7C3927712BA3420C0074F87E /* AlbumArtCell.swift in Sources */ = {isa = PBXBuildFile; fileRef = 7C3927702BA3420C0074F87E /* AlbumArtCell.swift */; };
		7C3927732BA343B30074F87E /* ArtistCell.swift in Sources */ = {isa = PBXBuildFile; fileRef = 7C3927722BA343B30074F87E /* ArtistCell.swift */; };
		7C3927752BA34FF60074F87E /* PlaylistCell.swift in Sources */ = {isa = PBXBuildFile; fileRef = 7C3927742BA34FF60074F87E /* PlaylistCell.swift */; };
		7C3927772BA3526C0074F87E /* UIColor+.swift in Sources */ = {isa = PBXBuildFile; fileRef = 7C3927762BA3526C0074F87E /* UIColor+.swift */; };
		7C446E622BA5B7D800AAC5CB /* UserSetting.swift in Sources */ = {isa = PBXBuildFile; fileRef = 7C446E612BA5B7D800AAC5CB /* UserSetting.swift */; };
		7C446E642BA5E20900AAC5CB /* BaseCollectionView.swift in Sources */ = {isa = PBXBuildFile; fileRef = 7C446E632BA5E20900AAC5CB /* BaseCollectionView.swift */; };
		7C446E662BA6150E00AAC5CB /* PlaylistMenuButton.swift in Sources */ = {isa = PBXBuildFile; fileRef = 7C446E652BA6150E00AAC5CB /* PlaylistMenuButton.swift */; };
		7C446E682BA623AB00AAC5CB /* ArtworkHeaderView.swift in Sources */ = {isa = PBXBuildFile; fileRef = 7C446E672BA623AB00AAC5CB /* ArtworkHeaderView.swift */; };
		7C46F49C2BBB239900AC9960 /* TrendingFooterView.swift in Sources */ = {isa = PBXBuildFile; fileRef = 7C46F49B2BBB239900AC9960 /* TrendingFooterView.swift */; };
		7C66F05C2BB15AC800530C27 /* UINavigationController+.swift in Sources */ = {isa = PBXBuildFile; fileRef = 7C66F05B2BB15AC800530C27 /* UINavigationController+.swift */; };
		7C66F05F2BB1C09800530C27 /* MarqueeLabel in Frameworks */ = {isa = PBXBuildFile; productRef = 7C66F05E2BB1C09800530C27 /* MarqueeLabel */; };
		7C6B06DA2BA1FE8000726AD0 /* CollectionViewPagingLayout in Frameworks */ = {isa = PBXBuildFile; productRef = 7C6B06D92BA1FE8000726AD0 /* CollectionViewPagingLayout */; };
		7C6B06DC2BA2012D00726AD0 /* LibraryCell.swift in Sources */ = {isa = PBXBuildFile; fileRef = 7C6B06DB2BA2012D00726AD0 /* LibraryCell.swift */; };
		7C6EE4D82BAEE6D600087EF2 /* UIControl+.swift in Sources */ = {isa = PBXBuildFile; fileRef = 7C6EE4D72BAEE6D600087EF2 /* UIControl+.swift */; };
		7C773FFD2B9DA13F00B2E6E7 /* LibraryViewModel.swift in Sources */ = {isa = PBXBuildFile; fileRef = 7C773FFC2B9DA13F00B2E6E7 /* LibraryViewModel.swift */; };
		7C773FFF2B9DA15100B2E6E7 /* LibraryViewController.swift in Sources */ = {isa = PBXBuildFile; fileRef = 7C773FFE2B9DA15100B2E6E7 /* LibraryViewController.swift */; };
		7C7740012B9DA16F00B2E6E7 /* LibraryCoordinator.swift in Sources */ = {isa = PBXBuildFile; fileRef = 7C7740002B9DA16F00B2E6E7 /* LibraryCoordinator.swift */; };
		7C7740032B9DA18700B2E6E7 /* MusicListCoordinator.swift in Sources */ = {isa = PBXBuildFile; fileRef = 7C7740022B9DA18700B2E6E7 /* MusicListCoordinator.swift */; };
		7C7740052B9DA19100B2E6E7 /* MusicPlayerCoordinator.swift in Sources */ = {isa = PBXBuildFile; fileRef = 7C7740042B9DA19100B2E6E7 /* MusicPlayerCoordinator.swift */; };
		7C7740072B9DA19E00B2E6E7 /* ReelsCoordinator.swift in Sources */ = {isa = PBXBuildFile; fileRef = 7C7740062B9DA19E00B2E6E7 /* ReelsCoordinator.swift */; };
		7C7740092B9DA1DB00B2E6E7 /* MusicRecommendCoordinator.swift in Sources */ = {isa = PBXBuildFile; fileRef = 7C7740082B9DA1DB00B2E6E7 /* MusicRecommendCoordinator.swift */; };
		7C77400E2B9DA44C00B2E6E7 /* UserViewModel.swift in Sources */ = {isa = PBXBuildFile; fileRef = 7C77400D2B9DA44C00B2E6E7 /* UserViewModel.swift */; };
		7C7740102B9DA45400B2E6E7 /* UserViewController.swift in Sources */ = {isa = PBXBuildFile; fileRef = 7C77400F2B9DA45400B2E6E7 /* UserViewController.swift */; };
		7C7740122B9DA45B00B2E6E7 /* UserCoordinator.swift in Sources */ = {isa = PBXBuildFile; fileRef = 7C7740112B9DA45B00B2E6E7 /* UserCoordinator.swift */; };
		7C7740142B9DA62F00B2E6E7 /* FMDesign.swift in Sources */ = {isa = PBXBuildFile; fileRef = 7C7740132B9DA62F00B2E6E7 /* FMDesign.swift */; };
		7C7740162B9DA64200B2E6E7 /* FMConst.swift in Sources */ = {isa = PBXBuildFile; fileRef = 7C7740152B9DA64200B2E6E7 /* FMConst.swift */; };
		7C813DAC2B9ADFEF00CDFF1D /* AppDelegate.swift in Sources */ = {isa = PBXBuildFile; fileRef = 7C813DAB2B9ADFEF00CDFF1D /* AppDelegate.swift */; };
		7C813DAE2B9ADFEF00CDFF1D /* SceneDelegate.swift in Sources */ = {isa = PBXBuildFile; fileRef = 7C813DAD2B9ADFEF00CDFF1D /* SceneDelegate.swift */; };
		7C813DB52B9ADFF000CDFF1D /* Assets.xcassets in Resources */ = {isa = PBXBuildFile; fileRef = 7C813DB42B9ADFF000CDFF1D /* Assets.xcassets */; };
		7C813DB82B9ADFF000CDFF1D /* LaunchScreen.storyboard in Resources */ = {isa = PBXBuildFile; fileRef = 7C813DB62B9ADFF000CDFF1D /* LaunchScreen.storyboard */; };
		7C813DCA2B9AE24300CDFF1D /* SnapKit in Frameworks */ = {isa = PBXBuildFile; productRef = 7C813DC92B9AE24300CDFF1D /* SnapKit */; };
		7C813DCD2B9AE24D00CDFF1D /* Kingfisher in Frameworks */ = {isa = PBXBuildFile; productRef = 7C813DCC2B9AE24D00CDFF1D /* Kingfisher */; };
		7C813DCF2B9AE26400CDFF1D /* BaseViewController.swift in Sources */ = {isa = PBXBuildFile; fileRef = 7C813DCE2B9AE26400CDFF1D /* BaseViewController.swift */; };
		7C813DD12B9AE27100CDFF1D /* BaseView.swift in Sources */ = {isa = PBXBuildFile; fileRef = 7C813DD02B9AE27100CDFF1D /* BaseView.swift */; };
		7C813DD32B9AE28D00CDFF1D /* BaseTableViewCell.swift in Sources */ = {isa = PBXBuildFile; fileRef = 7C813DD22B9AE28D00CDFF1D /* BaseTableViewCell.swift */; };
		7C813DD52B9AE29F00CDFF1D /* BaseCollectionViewCell.swift in Sources */ = {isa = PBXBuildFile; fileRef = 7C813DD42B9AE29F00CDFF1D /* BaseCollectionViewCell.swift */; };
		7C813DD72B9AE2B800CDFF1D /* Then+.swift in Sources */ = {isa = PBXBuildFile; fileRef = 7C813DD62B9AE2B800CDFF1D /* Then+.swift */; };
		7C813DD92B9AE2CD00CDFF1D /* UIView+.swift in Sources */ = {isa = PBXBuildFile; fileRef = 7C813DD82B9AE2CD00CDFF1D /* UIView+.swift */; };
		7C813DDB2B9AE2D700CDFF1D /* String+.swift in Sources */ = {isa = PBXBuildFile; fileRef = 7C813DDA2B9AE2D700CDFF1D /* String+.swift */; };
		7C813DE12B9AE31C00CDFF1D /* MusicPlayerViewController.swift in Sources */ = {isa = PBXBuildFile; fileRef = 7C813DE02B9AE31C00CDFF1D /* MusicPlayerViewController.swift */; };
		7C813DE42B9AE33200CDFF1D /* MusicPlayerViewModel.swift in Sources */ = {isa = PBXBuildFile; fileRef = 7C813DE32B9AE33200CDFF1D /* MusicPlayerViewModel.swift */; };
		7C813DE62B9AE34100CDFF1D /* ViewModel.swift in Sources */ = {isa = PBXBuildFile; fileRef = 7C813DE52B9AE34100CDFF1D /* ViewModel.swift */; };
		7C813DEB2B9AE39300CDFF1D /* MusicListViewController.swift in Sources */ = {isa = PBXBuildFile; fileRef = 7C813DEA2B9AE39300CDFF1D /* MusicListViewController.swift */; };
		7C813DED2B9AE3A500CDFF1D /* MusicListViewModel.swift in Sources */ = {isa = PBXBuildFile; fileRef = 7C813DEC2B9AE3A500CDFF1D /* MusicListViewModel.swift */; };
		7C813DEF2B9AE3B200CDFF1D /* FMMusicPlayer.swift in Sources */ = {isa = PBXBuildFile; fileRef = 7C813DEE2B9AE3B200CDFF1D /* FMMusicPlayer.swift */; };
		7C813DF62B9AF6A300CDFF1D /* MusicChartsCell.swift in Sources */ = {isa = PBXBuildFile; fileRef = 7C813DF52B9AF6A300CDFF1D /* MusicChartsCell.swift */; };
		7C813DFD2B9B13AB00CDFF1D /* UIVIewController+.swift in Sources */ = {isa = PBXBuildFile; fileRef = 7C813DFC2B9B13AB00CDFF1D /* UIVIewController+.swift */; };
		7C813E032B9B15D900CDFF1D /* MusicListCell.swift in Sources */ = {isa = PBXBuildFile; fileRef = 7C813E022B9B15D900CDFF1D /* MusicListCell.swift */; };
		7C916E072B9D99DC00C5F6C0 /* MusicRecommendViewModel.swift in Sources */ = {isa = PBXBuildFile; fileRef = 7C916E062B9D99DC00C5F6C0 /* MusicRecommendViewModel.swift */; };
		7C916E092B9D9BC000C5F6C0 /* Coordinator.swift in Sources */ = {isa = PBXBuildFile; fileRef = 7C916E082B9D9BC000C5F6C0 /* Coordinator.swift */; };
		7C916E0B2B9D9C5500C5F6C0 /* AppCoordinator.swift in Sources */ = {isa = PBXBuildFile; fileRef = 7C916E0A2B9D9C5500C5F6C0 /* AppCoordinator.swift */; };
		7C916E102B9D9FF500C5F6C0 /* ReelsViewModel.swift in Sources */ = {isa = PBXBuildFile; fileRef = 7C916E0F2B9D9FF500C5F6C0 /* ReelsViewModel.swift */; };
		7C916E122B9DA00100C5F6C0 /* ReelsViewController.swift in Sources */ = {isa = PBXBuildFile; fileRef = 7C916E112B9DA00100C5F6C0 /* ReelsViewController.swift */; };
		7C916E142B9DA01200C5F6C0 /* ReelsCell.swift in Sources */ = {isa = PBXBuildFile; fileRef = 7C916E132B9DA01200C5F6C0 /* ReelsCell.swift */; };
		7CE9CA602BB94605006A2B91 /* SubscriptionManager.swift in Sources */ = {isa = PBXBuildFile; fileRef = 7CE9CA5F2BB94605006A2B91 /* SubscriptionManager.swift */; };
		7CF60D732B9EE60E001769BD /* UserLibrary.swift in Sources */ = {isa = PBXBuildFile; fileRef = 7CF60D722B9EE60E001769BD /* UserLibrary.swift */; };
		7CF64B882BA064640040E416 /* PaddingLabel.swift in Sources */ = {isa = PBXBuildFile; fileRef = 7CF64B872BA064640040E416 /* PaddingLabel.swift */; };
/* End PBXBuildFile section */

/* Begin PBXFileReference section */
		7C03F7CB2BA177FA00FB748C /* UserPlaylistRepository.swift */ = {isa = PBXFileReference; lastKnownFileType = sourcecode.swift; path = UserPlaylistRepository.swift; sourceTree = "<group>"; };
		7C03F7CD2BA1792C00FB748C /* Repository.swift */ = {isa = PBXFileReference; lastKnownFileType = sourcecode.swift; path = Repository.swift; sourceTree = "<group>"; };
		7C03F7CF2BA179D800FB748C /* Array+.swift */ = {isa = PBXFileReference; lastKnownFileType = sourcecode.swift; path = "Array+.swift"; sourceTree = "<group>"; };
		7C044BF32BADA71F007E910E /* LibraryListViewController.swift */ = {isa = PBXFileReference; lastKnownFileType = sourcecode.swift; path = LibraryListViewController.swift; sourceTree = "<group>"; };
		7C044BF52BADA74D007E910E /* LibraryListViewModel.swift */ = {isa = PBXFileReference; lastKnownFileType = sourcecode.swift; path = LibraryListViewModel.swift; sourceTree = "<group>"; };
		7C044BF72BADA7B5007E910E /* LibraryListCoordinator.swift */ = {isa = PBXFileReference; lastKnownFileType = sourcecode.swift; path = LibraryListCoordinator.swift; sourceTree = "<group>"; };
		7C0B94342BA991E600F6E2C0 /* MarqueeLabel.swift */ = {isa = PBXFileReference; lastKnownFileType = sourcecode.swift; path = MarqueeLabel.swift; sourceTree = "<group>"; };
		7C0F59C82BB1CBAC009BA3B0 /* GoogleService-Info.plist */ = {isa = PBXFileReference; fileEncoding = 4; lastKnownFileType = text.plist.xml; path = "GoogleService-Info.plist"; sourceTree = "<group>"; };
		7C131C532BA44387004B3FF2 /* MusicRepository.swift */ = {isa = PBXFileReference; lastKnownFileType = sourcecode.swift; path = MusicRepository.swift; sourceTree = "<group>"; };
		7C131C582BA4730A004B3FF2 /* UserDefaultsManager.swift */ = {isa = PBXFileReference; lastKnownFileType = sourcecode.swift; path = UserDefaultsManager.swift; sourceTree = "<group>"; };
		7C131C5A2BA4ADC1004B3FF2 /* MiniPlayerView.swift */ = {isa = PBXFileReference; lastKnownFileType = sourcecode.swift; path = MiniPlayerView.swift; sourceTree = "<group>"; };
		7C286FD82BA88B1700244559 /* MixCell.swift */ = {isa = PBXFileReference; lastKnownFileType = sourcecode.swift; path = MixCell.swift; sourceTree = "<group>"; };
		7C2F2A592BB075A900FE6CE2 /* LaunchViewController.swift */ = {isa = PBXFileReference; lastKnownFileType = sourcecode.swift; path = LaunchViewController.swift; sourceTree = "<group>"; };
		7C2F2A5B2BB0B4EB00FE6CE2 /* ReelsCellViewModel.swift */ = {isa = PBXFileReference; lastKnownFileType = sourcecode.swift; path = ReelsCellViewModel.swift; sourceTree = "<group>"; };
		7C3927662BA32B150074F87E /* FMSlider.swift */ = {isa = PBXFileReference; lastKnownFileType = sourcecode.swift; path = FMSlider.swift; sourceTree = "<group>"; };
		7C3927682BA341590074F87E /* MusicRecommendViewController.swift */ = {isa = PBXFileReference; lastKnownFileType = sourcecode.swift; path = MusicRecommendViewController.swift; sourceTree = "<group>"; };
		7C39276E2BA341BA0074F87E /* TrendingHeaderView.swift */ = {isa = PBXFileReference; lastKnownFileType = sourcecode.swift; path = TrendingHeaderView.swift; sourceTree = "<group>"; };
		7C3927702BA3420C0074F87E /* AlbumArtCell.swift */ = {isa = PBXFileReference; lastKnownFileType = sourcecode.swift; path = AlbumArtCell.swift; sourceTree = "<group>"; };
		7C3927722BA343B30074F87E /* ArtistCell.swift */ = {isa = PBXFileReference; lastKnownFileType = sourcecode.swift; path = ArtistCell.swift; sourceTree = "<group>"; };
		7C3927742BA34FF60074F87E /* PlaylistCell.swift */ = {isa = PBXFileReference; lastKnownFileType = sourcecode.swift; path = PlaylistCell.swift; sourceTree = "<group>"; };
		7C3927762BA3526C0074F87E /* UIColor+.swift */ = {isa = PBXFileReference; lastKnownFileType = sourcecode.swift; path = "UIColor+.swift"; sourceTree = "<group>"; };
		7C446E612BA5B7D800AAC5CB /* UserSetting.swift */ = {isa = PBXFileReference; lastKnownFileType = sourcecode.swift; path = UserSetting.swift; sourceTree = "<group>"; };
		7C446E632BA5E20900AAC5CB /* BaseCollectionView.swift */ = {isa = PBXFileReference; lastKnownFileType = sourcecode.swift; path = BaseCollectionView.swift; sourceTree = "<group>"; };
		7C446E652BA6150E00AAC5CB /* PlaylistMenuButton.swift */ = {isa = PBXFileReference; lastKnownFileType = sourcecode.swift; path = PlaylistMenuButton.swift; sourceTree = "<group>"; };
		7C446E672BA623AB00AAC5CB /* ArtworkHeaderView.swift */ = {isa = PBXFileReference; lastKnownFileType = sourcecode.swift; path = ArtworkHeaderView.swift; sourceTree = "<group>"; };
		7C46F49B2BBB239900AC9960 /* TrendingFooterView.swift */ = {isa = PBXFileReference; lastKnownFileType = sourcecode.swift; path = TrendingFooterView.swift; sourceTree = "<group>"; };
		7C66F05B2BB15AC800530C27 /* UINavigationController+.swift */ = {isa = PBXFileReference; lastKnownFileType = sourcecode.swift; path = "UINavigationController+.swift"; sourceTree = "<group>"; };
		7C6B06DB2BA2012D00726AD0 /* LibraryCell.swift */ = {isa = PBXFileReference; lastKnownFileType = sourcecode.swift; path = LibraryCell.swift; sourceTree = "<group>"; };
		7C6EE4D72BAEE6D600087EF2 /* UIControl+.swift */ = {isa = PBXFileReference; lastKnownFileType = sourcecode.swift; path = "UIControl+.swift"; sourceTree = "<group>"; };
		7C773FFC2B9DA13F00B2E6E7 /* LibraryViewModel.swift */ = {isa = PBXFileReference; lastKnownFileType = sourcecode.swift; path = LibraryViewModel.swift; sourceTree = "<group>"; };
		7C773FFE2B9DA15100B2E6E7 /* LibraryViewController.swift */ = {isa = PBXFileReference; lastKnownFileType = sourcecode.swift; path = LibraryViewController.swift; sourceTree = "<group>"; };
		7C7740002B9DA16F00B2E6E7 /* LibraryCoordinator.swift */ = {isa = PBXFileReference; lastKnownFileType = sourcecode.swift; path = LibraryCoordinator.swift; sourceTree = "<group>"; };
		7C7740022B9DA18700B2E6E7 /* MusicListCoordinator.swift */ = {isa = PBXFileReference; lastKnownFileType = sourcecode.swift; path = MusicListCoordinator.swift; sourceTree = "<group>"; };
		7C7740042B9DA19100B2E6E7 /* MusicPlayerCoordinator.swift */ = {isa = PBXFileReference; lastKnownFileType = sourcecode.swift; path = MusicPlayerCoordinator.swift; sourceTree = "<group>"; };
		7C7740062B9DA19E00B2E6E7 /* ReelsCoordinator.swift */ = {isa = PBXFileReference; lastKnownFileType = sourcecode.swift; path = ReelsCoordinator.swift; sourceTree = "<group>"; };
		7C7740082B9DA1DB00B2E6E7 /* MusicRecommendCoordinator.swift */ = {isa = PBXFileReference; lastKnownFileType = sourcecode.swift; path = MusicRecommendCoordinator.swift; sourceTree = "<group>"; };
		7C77400D2B9DA44C00B2E6E7 /* UserViewModel.swift */ = {isa = PBXFileReference; lastKnownFileType = sourcecode.swift; path = UserViewModel.swift; sourceTree = "<group>"; };
		7C77400F2B9DA45400B2E6E7 /* UserViewController.swift */ = {isa = PBXFileReference; lastKnownFileType = sourcecode.swift; path = UserViewController.swift; sourceTree = "<group>"; };
		7C7740112B9DA45B00B2E6E7 /* UserCoordinator.swift */ = {isa = PBXFileReference; lastKnownFileType = sourcecode.swift; path = UserCoordinator.swift; sourceTree = "<group>"; };
		7C7740132B9DA62F00B2E6E7 /* FMDesign.swift */ = {isa = PBXFileReference; lastKnownFileType = sourcecode.swift; path = FMDesign.swift; sourceTree = "<group>"; };
		7C7740152B9DA64200B2E6E7 /* FMConst.swift */ = {isa = PBXFileReference; lastKnownFileType = sourcecode.swift; path = FMConst.swift; sourceTree = "<group>"; };
		7C813DA82B9ADFEF00CDFF1D /* LilsMusic.app */ = {isa = PBXFileReference; explicitFileType = wrapper.application; includeInIndex = 0; path = LilsMusic.app; sourceTree = BUILT_PRODUCTS_DIR; };
		7C813DAB2B9ADFEF00CDFF1D /* AppDelegate.swift */ = {isa = PBXFileReference; lastKnownFileType = sourcecode.swift; path = AppDelegate.swift; sourceTree = "<group>"; };
		7C813DAD2B9ADFEF00CDFF1D /* SceneDelegate.swift */ = {isa = PBXFileReference; lastKnownFileType = sourcecode.swift; path = SceneDelegate.swift; sourceTree = "<group>"; };
		7C813DB42B9ADFF000CDFF1D /* Assets.xcassets */ = {isa = PBXFileReference; lastKnownFileType = folder.assetcatalog; path = Assets.xcassets; sourceTree = "<group>"; };
		7C813DB72B9ADFF000CDFF1D /* Base */ = {isa = PBXFileReference; lastKnownFileType = file.storyboard; name = Base; path = Base.lproj/LaunchScreen.storyboard; sourceTree = "<group>"; };
		7C813DB92B9ADFF000CDFF1D /* Info.plist */ = {isa = PBXFileReference; lastKnownFileType = text.plist.xml; path = Info.plist; sourceTree = "<group>"; };
		7C813DCE2B9AE26400CDFF1D /* BaseViewController.swift */ = {isa = PBXFileReference; lastKnownFileType = sourcecode.swift; path = BaseViewController.swift; sourceTree = "<group>"; };
		7C813DD02B9AE27100CDFF1D /* BaseView.swift */ = {isa = PBXFileReference; lastKnownFileType = sourcecode.swift; path = BaseView.swift; sourceTree = "<group>"; };
		7C813DD22B9AE28D00CDFF1D /* BaseTableViewCell.swift */ = {isa = PBXFileReference; lastKnownFileType = sourcecode.swift; path = BaseTableViewCell.swift; sourceTree = "<group>"; };
		7C813DD42B9AE29F00CDFF1D /* BaseCollectionViewCell.swift */ = {isa = PBXFileReference; lastKnownFileType = sourcecode.swift; path = BaseCollectionViewCell.swift; sourceTree = "<group>"; };
		7C813DD62B9AE2B800CDFF1D /* Then+.swift */ = {isa = PBXFileReference; lastKnownFileType = sourcecode.swift; path = "Then+.swift"; sourceTree = "<group>"; };
		7C813DD82B9AE2CD00CDFF1D /* UIView+.swift */ = {isa = PBXFileReference; lastKnownFileType = sourcecode.swift; path = "UIView+.swift"; sourceTree = "<group>"; };
		7C813DDA2B9AE2D700CDFF1D /* String+.swift */ = {isa = PBXFileReference; lastKnownFileType = sourcecode.swift; path = "String+.swift"; sourceTree = "<group>"; };
		7C813DE02B9AE31C00CDFF1D /* MusicPlayerViewController.swift */ = {isa = PBXFileReference; lastKnownFileType = sourcecode.swift; path = MusicPlayerViewController.swift; sourceTree = "<group>"; };
		7C813DE32B9AE33200CDFF1D /* MusicPlayerViewModel.swift */ = {isa = PBXFileReference; lastKnownFileType = sourcecode.swift; path = MusicPlayerViewModel.swift; sourceTree = "<group>"; };
		7C813DE52B9AE34100CDFF1D /* ViewModel.swift */ = {isa = PBXFileReference; lastKnownFileType = sourcecode.swift; path = ViewModel.swift; sourceTree = "<group>"; };
		7C813DEA2B9AE39300CDFF1D /* MusicListViewController.swift */ = {isa = PBXFileReference; lastKnownFileType = sourcecode.swift; path = MusicListViewController.swift; sourceTree = "<group>"; };
		7C813DEC2B9AE3A500CDFF1D /* MusicListViewModel.swift */ = {isa = PBXFileReference; lastKnownFileType = sourcecode.swift; path = MusicListViewModel.swift; sourceTree = "<group>"; };
		7C813DEE2B9AE3B200CDFF1D /* FMMusicPlayer.swift */ = {isa = PBXFileReference; lastKnownFileType = sourcecode.swift; path = FMMusicPlayer.swift; sourceTree = "<group>"; };
		7C813DF52B9AF6A300CDFF1D /* MusicChartsCell.swift */ = {isa = PBXFileReference; lastKnownFileType = sourcecode.swift; path = MusicChartsCell.swift; sourceTree = "<group>"; };
		7C813DFC2B9B13AB00CDFF1D /* UIVIewController+.swift */ = {isa = PBXFileReference; lastKnownFileType = sourcecode.swift; path = "UIVIewController+.swift"; sourceTree = "<group>"; };
		7C813E022B9B15D900CDFF1D /* MusicListCell.swift */ = {isa = PBXFileReference; lastKnownFileType = sourcecode.swift; path = MusicListCell.swift; sourceTree = "<group>"; };
		7C916E062B9D99DC00C5F6C0 /* MusicRecommendViewModel.swift */ = {isa = PBXFileReference; lastKnownFileType = sourcecode.swift; path = MusicRecommendViewModel.swift; sourceTree = "<group>"; };
		7C916E082B9D9BC000C5F6C0 /* Coordinator.swift */ = {isa = PBXFileReference; lastKnownFileType = sourcecode.swift; path = Coordinator.swift; sourceTree = "<group>"; };
		7C916E0A2B9D9C5500C5F6C0 /* AppCoordinator.swift */ = {isa = PBXFileReference; lastKnownFileType = sourcecode.swift; path = AppCoordinator.swift; sourceTree = "<group>"; };
		7C916E0F2B9D9FF500C5F6C0 /* ReelsViewModel.swift */ = {isa = PBXFileReference; lastKnownFileType = sourcecode.swift; path = ReelsViewModel.swift; sourceTree = "<group>"; };
		7C916E112B9DA00100C5F6C0 /* ReelsViewController.swift */ = {isa = PBXFileReference; lastKnownFileType = sourcecode.swift; path = ReelsViewController.swift; sourceTree = "<group>"; };
		7C916E132B9DA01200C5F6C0 /* ReelsCell.swift */ = {isa = PBXFileReference; lastKnownFileType = sourcecode.swift; path = ReelsCell.swift; sourceTree = "<group>"; };
		7CE9CA5F2BB94605006A2B91 /* SubscriptionManager.swift */ = {isa = PBXFileReference; lastKnownFileType = sourcecode.swift; path = SubscriptionManager.swift; sourceTree = "<group>"; };
		7CF60D722B9EE60E001769BD /* UserLibrary.swift */ = {isa = PBXFileReference; lastKnownFileType = sourcecode.swift; path = UserLibrary.swift; sourceTree = "<group>"; };
		7CF64B872BA064640040E416 /* PaddingLabel.swift */ = {isa = PBXFileReference; lastKnownFileType = sourcecode.swift; path = PaddingLabel.swift; sourceTree = "<group>"; };
/* End PBXFileReference section */

/* Begin PBXFrameworksBuildPhase section */
		7C813DA52B9ADFEF00CDFF1D /* Frameworks */ = {
			isa = PBXFrameworksBuildPhase;
			buildActionMask = 2147483647;
			files = (
				7C131C5E2BA4B93F004B3FF2 /* RxGesture in Frameworks */,
				7C0F59CC2BB1CC03009BA3B0 /* FirebaseAnalyticsWithoutAdIdSupport in Frameworks */,
				7C03F7C62BA1765A00FB748C /* RxSwift in Frameworks */,
				7C66F05F2BB1C09800530C27 /* MarqueeLabel in Frameworks */,
				7C03F7C12BA1762500FB748C /* RealmSwift in Frameworks */,
				7C0F59CE2BB1CC03009BA3B0 /* FirebaseCrashlytics in Frameworks */,
				7C03F7BF2BA1762500FB748C /* Realm in Frameworks */,
				7C03F7C42BA1765A00FB748C /* RxCocoa in Frameworks */,
				7C6B06DA2BA1FE8000726AD0 /* CollectionViewPagingLayout in Frameworks */,
				7C813DCD2B9AE24D00CDFF1D /* Kingfisher in Frameworks */,
				7C813DCA2B9AE24300CDFF1D /* SnapKit in Frameworks */,
			);
			runOnlyForDeploymentPostprocessing = 0;
		};
/* End PBXFrameworksBuildPhase section */

/* Begin PBXGroup section */
		7C03F7CA2BA177E300FB748C /* Repository */ = {
			isa = PBXGroup;
			children = (
				7C131C532BA44387004B3FF2 /* MusicRepository.swift */,
				7C03F7CB2BA177FA00FB748C /* UserPlaylistRepository.swift */,
			);
			path = Repository;
			sourceTree = "<group>";
		};
		7C044BF22BADA6DF007E910E /* LibraryListScene */ = {
			isa = PBXGroup;
			children = (
				7C044BF72BADA7B5007E910E /* LibraryListCoordinator.swift */,
				7C044BF92BADA7CA007E910E /* View */,
				7C044BFA2BADA7CF007E910E /* ViewModel */,
			);
			name = LibraryListScene;
			path = Presenter/LibraryListScene;
			sourceTree = "<group>";
		};
		7C044BF92BADA7CA007E910E /* View */ = {
			isa = PBXGroup;
			children = (
				7C044BF32BADA71F007E910E /* LibraryListViewController.swift */,
			);
			path = View;
			sourceTree = "<group>";
		};
		7C044BFA2BADA7CF007E910E /* ViewModel */ = {
			isa = PBXGroup;
			children = (
				7C044BF52BADA74D007E910E /* LibraryListViewModel.swift */,
			);
			path = ViewModel;
			sourceTree = "<group>";
		};
		7C131C552BA45D48004B3FF2 /* Frameworks */ = {
			isa = PBXGroup;
			children = (
			);
			name = Frameworks;
			sourceTree = "<group>";
		};
		7C2F2A582BB0486F00FE6CE2 /* Cell */ = {
			isa = PBXGroup;
			children = (
				7C6B06DB2BA2012D00726AD0 /* LibraryCell.swift */,
			);
			path = Cell;
			sourceTree = "<group>";
		};
		7C39276C2BA341950074F87E /* Cell */ = {
			isa = PBXGroup;
			children = (
				7C39276E2BA341BA0074F87E /* TrendingHeaderView.swift */,
				7C46F49B2BBB239900AC9960 /* TrendingFooterView.swift */,
				7C813DF52B9AF6A300CDFF1D /* MusicChartsCell.swift */,
				7C3927742BA34FF60074F87E /* PlaylistCell.swift */,
				7C3927702BA3420C0074F87E /* AlbumArtCell.swift */,
				7C286FD82BA88B1700244559 /* MixCell.swift */,
				7C3927722BA343B30074F87E /* ArtistCell.swift */,
			);
			path = Cell;
			sourceTree = "<group>";
		};
		7C773FF82B9DA12200B2E6E7 /* LibraryScene */ = {
			isa = PBXGroup;
			children = (
				7C7740002B9DA16F00B2E6E7 /* LibraryCoordinator.swift */,
				7C773FFA2B9DA12F00B2E6E7 /* View */,
				7C773FF92B9DA12A00B2E6E7 /* ViewModel */,
			);
			path = LibraryScene;
			sourceTree = "<group>";
		};
		7C773FF92B9DA12A00B2E6E7 /* ViewModel */ = {
			isa = PBXGroup;
			children = (
				7C773FFC2B9DA13F00B2E6E7 /* LibraryViewModel.swift */,
			);
			path = ViewModel;
			sourceTree = "<group>";
		};
		7C773FFA2B9DA12F00B2E6E7 /* View */ = {
			isa = PBXGroup;
			children = (
				7C773FFE2B9DA15100B2E6E7 /* LibraryViewController.swift */,
				7C2F2A582BB0486F00FE6CE2 /* Cell */,
			);
			path = View;
			sourceTree = "<group>";
		};
		7C77400A2B9DA43400B2E6E7 /* UserScene */ = {
			isa = PBXGroup;
			children = (
				7C7740112B9DA45B00B2E6E7 /* UserCoordinator.swift */,
				7C77400C2B9DA44400B2E6E7 /* View */,
				7C77400B2B9DA43F00B2E6E7 /* ViewModel */,
			);
			path = UserScene;
			sourceTree = "<group>";
		};
		7C77400B2B9DA43F00B2E6E7 /* ViewModel */ = {
			isa = PBXGroup;
			children = (
				7C77400D2B9DA44C00B2E6E7 /* UserViewModel.swift */,
			);
			path = ViewModel;
			sourceTree = "<group>";
		};
		7C77400C2B9DA44400B2E6E7 /* View */ = {
			isa = PBXGroup;
			children = (
				7C77400F2B9DA45400B2E6E7 /* UserViewController.swift */,
			);
			path = View;
			sourceTree = "<group>";
		};
		7C7740172B9DB72400B2E6E7 /* Utility */ = {
			isa = PBXGroup;
			children = (
				7C131C5A2BA4ADC1004B3FF2 /* MiniPlayerView.swift */,
				7C446E652BA6150E00AAC5CB /* PlaylistMenuButton.swift */,
			);
			path = Utility;
			sourceTree = "<group>";
		};
		7C813D9F2B9ADFEF00CDFF1D = {
			isa = PBXGroup;
			children = (
				7C813DAA2B9ADFEF00CDFF1D /* LilsMusic */,
				7C813DA92B9ADFEF00CDFF1D /* Products */,
				7C131C552BA45D48004B3FF2 /* Frameworks */,
			);
			sourceTree = "<group>";
		};
		7C813DA92B9ADFEF00CDFF1D /* Products */ = {
			isa = PBXGroup;
			children = (
				7C813DA82B9ADFEF00CDFF1D /* LilsMusic.app */,
			);
			name = Products;
			sourceTree = "<group>";
		};
		7C813DAA2B9ADFEF00CDFF1D /* LilsMusic */ = {
			isa = PBXGroup;
			children = (
				7C813DBF2B9AE19600CDFF1D /* App */,
				7C813DC62B9AE1DD00CDFF1D /* Manager */,
				7C813DC32B9AE1BC00CDFF1D /* Data */,
				7C03F7CA2BA177E300FB748C /* Repository */,
				7C813DC52B9AE1C500CDFF1D /* Presenter */,
				7C044BF22BADA6DF007E910E /* LibraryListScene */,
				7C7740172B9DB72400B2E6E7 /* Utility */,
				7C813DDC2B9AE2EC00CDFF1D /* Const */,
				7C813DFE2B9B152600CDFF1D /* Components */,
				7C813DC02B9AE19F00CDFF1D /* Base */,
				7C813DC22B9AE1AC00CDFF1D /* Protocol */,
				7C813DC12B9AE1A500CDFF1D /* Extension */,
				7C813DC72B9AE1E800CDFF1D /* Resources */,
				7C813DB92B9ADFF000CDFF1D /* Info.plist */,
				7C0F59C82BB1CBAC009BA3B0 /* GoogleService-Info.plist */,
			);
			path = LilsMusic;
			sourceTree = "<group>";
		};
		7C813DBF2B9AE19600CDFF1D /* App */ = {
			isa = PBXGroup;
			children = (
				7C813DAB2B9ADFEF00CDFF1D /* AppDelegate.swift */,
				7C813DAD2B9ADFEF00CDFF1D /* SceneDelegate.swift */,
			);
			path = App;
			sourceTree = "<group>";
		};
		7C813DC02B9AE19F00CDFF1D /* Base */ = {
			isa = PBXGroup;
			children = (
				7C813DD02B9AE27100CDFF1D /* BaseView.swift */,
				7C813DCE2B9AE26400CDFF1D /* BaseViewController.swift */,
				7C446E632BA5E20900AAC5CB /* BaseCollectionView.swift */,
				7C813DD22B9AE28D00CDFF1D /* BaseTableViewCell.swift */,
				7C813DD42B9AE29F00CDFF1D /* BaseCollectionViewCell.swift */,
			);
			path = Base;
			sourceTree = "<group>";
		};
		7C813DC12B9AE1A500CDFF1D /* Extension */ = {
			isa = PBXGroup;
			children = (
				7C813DD62B9AE2B800CDFF1D /* Then+.swift */,
				7C813DD82B9AE2CD00CDFF1D /* UIView+.swift */,
				7C813DFC2B9B13AB00CDFF1D /* UIVIewController+.swift */,
				7C66F05B2BB15AC800530C27 /* UINavigationController+.swift */,
				7C813DDA2B9AE2D700CDFF1D /* String+.swift */,
				7C03F7CF2BA179D800FB748C /* Array+.swift */,
				7C3927762BA3526C0074F87E /* UIColor+.swift */,
				7C6EE4D72BAEE6D600087EF2 /* UIControl+.swift */,
			);
			path = Extension;
			sourceTree = "<group>";
		};
		7C813DC22B9AE1AC00CDFF1D /* Protocol */ = {
			isa = PBXGroup;
			children = (
				7C916E082B9D9BC000C5F6C0 /* Coordinator.swift */,
				7C03F7CD2BA1792C00FB748C /* Repository.swift */,
				7C813DE52B9AE34100CDFF1D /* ViewModel.swift */,
			);
			path = Protocol;
			sourceTree = "<group>";
		};
		7C813DC32B9AE1BC00CDFF1D /* Data */ = {
			isa = PBXGroup;
			children = (
				7C813DC42B9AE1C200CDFF1D /* Model */,
			);
			path = Data;
			sourceTree = "<group>";
		};
		7C813DC42B9AE1C200CDFF1D /* Model */ = {
			isa = PBXGroup;
			children = (
				7CF60D722B9EE60E001769BD /* UserLibrary.swift */,
				7C446E612BA5B7D800AAC5CB /* UserSetting.swift */,
			);
			path = Model;
			sourceTree = "<group>";
		};
		7C813DC52B9AE1C500CDFF1D /* Presenter */ = {
			isa = PBXGroup;
			children = (
				7C916E0A2B9D9C5500C5F6C0 /* AppCoordinator.swift */,
				7C2F2A592BB075A900FE6CE2 /* LaunchViewController.swift */,
				7C813DF72B9B05BE00CDFF1D /* MusicRecommendScene */,
				7C916E0C2B9D9FD700C5F6C0 /* ReelsScene */,
				7C773FF82B9DA12200B2E6E7 /* LibraryScene */,
				7C77400A2B9DA43400B2E6E7 /* UserScene */,
				7C813DDD2B9AE2F400CDFF1D /* MusicPlayerScene */,
				7C813DE72B9AE35400CDFF1D /* MusicListScene */,
			);
			path = Presenter;
			sourceTree = "<group>";
		};
		7C813DC62B9AE1DD00CDFF1D /* Manager */ = {
			isa = PBXGroup;
			children = (
				7C813DEE2B9AE3B200CDFF1D /* FMMusicPlayer.swift */,
				7C131C582BA4730A004B3FF2 /* UserDefaultsManager.swift */,
				7CE9CA5F2BB94605006A2B91 /* SubscriptionManager.swift */,
			);
			path = Manager;
			sourceTree = "<group>";
		};
		7C813DC72B9AE1E800CDFF1D /* Resources */ = {
			isa = PBXGroup;
			children = (
				7C813DB42B9ADFF000CDFF1D /* Assets.xcassets */,
				7C813DB62B9ADFF000CDFF1D /* LaunchScreen.storyboard */,
			);
			path = Resources;
			sourceTree = "<group>";
		};
		7C813DDC2B9AE2EC00CDFF1D /* Const */ = {
			isa = PBXGroup;
			children = (
				7C7740132B9DA62F00B2E6E7 /* FMDesign.swift */,
				7C7740152B9DA64200B2E6E7 /* FMConst.swift */,
			);
			path = Const;
			sourceTree = "<group>";
		};
		7C813DDD2B9AE2F400CDFF1D /* MusicPlayerScene */ = {
			isa = PBXGroup;
			children = (
				7C7740042B9DA19100B2E6E7 /* MusicPlayerCoordinator.swift */,
				7C813DDF2B9AE2FF00CDFF1D /* View */,
				7C813DDE2B9AE2FC00CDFF1D /* ViewModel */,
			);
			path = MusicPlayerScene;
			sourceTree = "<group>";
		};
		7C813DDE2B9AE2FC00CDFF1D /* ViewModel */ = {
			isa = PBXGroup;
			children = (
				7C813DE32B9AE33200CDFF1D /* MusicPlayerViewModel.swift */,
			);
			path = ViewModel;
			sourceTree = "<group>";
		};
		7C813DDF2B9AE2FF00CDFF1D /* View */ = {
			isa = PBXGroup;
			children = (
				7C813DE02B9AE31C00CDFF1D /* MusicPlayerViewController.swift */,
			);
			path = View;
			sourceTree = "<group>";
		};
		7C813DE72B9AE35400CDFF1D /* MusicListScene */ = {
			isa = PBXGroup;
			children = (
				7C7740022B9DA18700B2E6E7 /* MusicListCoordinator.swift */,
				7C813DE92B9AE38700CDFF1D /* View */,
				7C813DE82B9AE38200CDFF1D /* ViewModel */,
			);
			path = MusicListScene;
			sourceTree = "<group>";
		};
		7C813DE82B9AE38200CDFF1D /* ViewModel */ = {
			isa = PBXGroup;
			children = (
				7C813DEC2B9AE3A500CDFF1D /* MusicListViewModel.swift */,
			);
			path = ViewModel;
			sourceTree = "<group>";
		};
		7C813DE92B9AE38700CDFF1D /* View */ = {
			isa = PBXGroup;
			children = (
				7C813DEA2B9AE39300CDFF1D /* MusicListViewController.swift */,
				7C813E012B9B15D200CDFF1D /* Cell */,
			);
			path = View;
			sourceTree = "<group>";
		};
		7C813DF72B9B05BE00CDFF1D /* MusicRecommendScene */ = {
			isa = PBXGroup;
			children = (
				7C7740082B9DA1DB00B2E6E7 /* MusicRecommendCoordinator.swift */,
				7C813DF92B9B05CF00CDFF1D /* View */,
				7C813DF82B9B05CC00CDFF1D /* ViewModel */,
			);
			path = MusicRecommendScene;
			sourceTree = "<group>";
		};
		7C813DF82B9B05CC00CDFF1D /* ViewModel */ = {
			isa = PBXGroup;
			children = (
				7C916E062B9D99DC00C5F6C0 /* MusicRecommendViewModel.swift */,
			);
			path = ViewModel;
			sourceTree = "<group>";
		};
		7C813DF92B9B05CF00CDFF1D /* View */ = {
			isa = PBXGroup;
			children = (
				7C3927682BA341590074F87E /* MusicRecommendViewController.swift */,
				7C39276C2BA341950074F87E /* Cell */,
			);
			path = View;
			sourceTree = "<group>";
		};
		7C813DFE2B9B152600CDFF1D /* Components */ = {
			isa = PBXGroup;
			children = (
				7CF64B872BA064640040E416 /* PaddingLabel.swift */,
				7C0B94342BA991E600F6E2C0 /* MarqueeLabel.swift */,
				7C3927662BA32B150074F87E /* FMSlider.swift */,
			);
			path = Components;
			sourceTree = "<group>";
		};
		7C813E012B9B15D200CDFF1D /* Cell */ = {
			isa = PBXGroup;
			children = (
				7C446E672BA623AB00AAC5CB /* ArtworkHeaderView.swift */,
				7C813E022B9B15D900CDFF1D /* MusicListCell.swift */,
			);
			path = Cell;
			sourceTree = "<group>";
		};
		7C916E0C2B9D9FD700C5F6C0 /* ReelsScene */ = {
			isa = PBXGroup;
			children = (
				7C7740062B9DA19E00B2E6E7 /* ReelsCoordinator.swift */,
				7C916E0E2B9D9FE900C5F6C0 /* View */,
				7C916E0D2B9D9FE500C5F6C0 /* ViewModel */,
			);
			path = ReelsScene;
			sourceTree = "<group>";
		};
		7C916E0D2B9D9FE500C5F6C0 /* ViewModel */ = {
			isa = PBXGroup;
			children = (
				7C916E0F2B9D9FF500C5F6C0 /* ReelsViewModel.swift */,
				7C2F2A5B2BB0B4EB00FE6CE2 /* ReelsCellViewModel.swift */,
			);
			path = ViewModel;
			sourceTree = "<group>";
		};
		7C916E0E2B9D9FE900C5F6C0 /* View */ = {
			isa = PBXGroup;
			children = (
				7C916E112B9DA00100C5F6C0 /* ReelsViewController.swift */,
				7C916E132B9DA01200C5F6C0 /* ReelsCell.swift */,
			);
			path = View;
			sourceTree = "<group>";
		};
/* End PBXGroup section */

/* Begin PBXNativeTarget section */
		7C813DA72B9ADFEF00CDFF1D /* LilsMusic */ = {
			isa = PBXNativeTarget;
			buildConfigurationList = 7C813DBC2B9ADFF000CDFF1D /* Build configuration list for PBXNativeTarget "LilsMusic" */;
			buildPhases = (
				7C813DA42B9ADFEF00CDFF1D /* Sources */,
				7C813DA52B9ADFEF00CDFF1D /* Frameworks */,
				7C813DA62B9ADFEF00CDFF1D /* Resources */,
				7C0F59CF2BB1CD08009BA3B0 /* ShellScript */,
			);
			buildRules = (
			);
			dependencies = (
			);
			name = LilsMusic;
			packageProductDependencies = (
				7C813DC92B9AE24300CDFF1D /* SnapKit */,
				7C813DCC2B9AE24D00CDFF1D /* Kingfisher */,
				7C03F7BE2BA1762500FB748C /* Realm */,
				7C03F7C02BA1762500FB748C /* RealmSwift */,
				7C03F7C32BA1765A00FB748C /* RxCocoa */,
				7C03F7C52BA1765A00FB748C /* RxSwift */,
				7C6B06D92BA1FE8000726AD0 /* CollectionViewPagingLayout */,
				7C131C5D2BA4B93F004B3FF2 /* RxGesture */,
				7C66F05E2BB1C09800530C27 /* MarqueeLabel */,
				7C0F59CB2BB1CC03009BA3B0 /* FirebaseAnalyticsWithoutAdIdSupport */,
				7C0F59CD2BB1CC03009BA3B0 /* FirebaseCrashlytics */,
			);
			productName = FlowMusic;
			productReference = 7C813DA82B9ADFEF00CDFF1D /* LilsMusic.app */;
			productType = "com.apple.product-type.application";
		};
/* End PBXNativeTarget section */

/* Begin PBXProject section */
		7C813DA02B9ADFEF00CDFF1D /* Project object */ = {
			isa = PBXProject;
			attributes = {
				BuildIndependentTargetsInParallel = 1;
				LastSwiftUpdateCheck = 1520;
				LastUpgradeCheck = 1520;
				TargetAttributes = {
					7C813DA72B9ADFEF00CDFF1D = {
						CreatedOnToolsVersion = 15.2;
					};
				};
			};
			buildConfigurationList = 7C813DA32B9ADFEF00CDFF1D /* Build configuration list for PBXProject "LilsMusic" */;
			compatibilityVersion = "Xcode 14.0";
			developmentRegion = en;
			hasScannedForEncodings = 0;
			knownRegions = (
				en,
				Base,
			);
			mainGroup = 7C813D9F2B9ADFEF00CDFF1D;
			packageReferences = (
				7C813DC82B9AE24300CDFF1D /* XCRemoteSwiftPackageReference "SnapKit" */,
				7C813DCB2B9AE24D00CDFF1D /* XCRemoteSwiftPackageReference "Kingfisher" */,
				7C03F7BD2BA1762500FB748C /* XCRemoteSwiftPackageReference "realm-swift" */,
				7C03F7C22BA1765A00FB748C /* XCRemoteSwiftPackageReference "RxSwift" */,
				7C6B06D82BA1FE8000726AD0 /* XCRemoteSwiftPackageReference "CollectionViewPagingLayout" */,
				7C131C5C2BA4B93F004B3FF2 /* XCRemoteSwiftPackageReference "RxGesture" */,
				7C66F05D2BB1C09800530C27 /* XCRemoteSwiftPackageReference "MarqueeLabel" */,
				7C0F59CA2BB1CC03009BA3B0 /* XCRemoteSwiftPackageReference "firebase-ios-sdk" */,
			);
			productRefGroup = 7C813DA92B9ADFEF00CDFF1D /* Products */;
			projectDirPath = "";
			projectRoot = "";
			targets = (
				7C813DA72B9ADFEF00CDFF1D /* LilsMusic */,
			);
		};
/* End PBXProject section */

/* Begin PBXResourcesBuildPhase section */
		7C813DA62B9ADFEF00CDFF1D /* Resources */ = {
			isa = PBXResourcesBuildPhase;
			buildActionMask = 2147483647;
			files = (
				7C813DB82B9ADFF000CDFF1D /* LaunchScreen.storyboard in Resources */,
				7C813DB52B9ADFF000CDFF1D /* Assets.xcassets in Resources */,
				7C0F59C92BB1CBAC009BA3B0 /* GoogleService-Info.plist in Resources */,
			);
			runOnlyForDeploymentPostprocessing = 0;
		};
/* End PBXResourcesBuildPhase section */

/* Begin PBXShellScriptBuildPhase section */
		7C0F59CF2BB1CD08009BA3B0 /* ShellScript */ = {
			isa = PBXShellScriptBuildPhase;
			buildActionMask = 2147483647;
			files = (
			);
			inputFileListPaths = (
			);
			inputPaths = (
				"${DWARF_DSYM_FOLDER_PATH}/${DWARF_DSYM_FILE_NAME}",
				"${DWARF_DSYM_FOLDER_PATH}/${DWARF_DSYM_FILE_NAME}/Contents/Resources/DWARF/${PRODUCT_NAME}",
				"${DWARF_DSYM_FOLDER_PATH}/${DWARF_DSYM_FILE_NAME}/Contents/Info.plist",
				"$(TARGET_BUILD_DIR)/$(UNLOCALIZED_RESOURCES_FOLDER_PATH)/GoogleService-Info.plist",
				"$(TARGET_BUILD_DIR)/$(EXECUTABLE_PATH)",
			);
			outputFileListPaths = (
			);
			outputPaths = (
			);
			runOnlyForDeploymentPostprocessing = 0;
			shellPath = /bin/sh;
			shellScript = "# Type a script or drag a script file from your workspace to insert its path.\n\"${BUILD_DIR%/Build/*}/SourcePackages/checkouts/firebase-ios-sdk/Crashlytics/run\"\n";
		};
/* End PBXShellScriptBuildPhase section */

/* Begin PBXSourcesBuildPhase section */
		7C813DA42B9ADFEF00CDFF1D /* Sources */ = {
			isa = PBXSourcesBuildPhase;
			buildActionMask = 2147483647;
			files = (
				7C2F2A5C2BB0B4EB00FE6CE2 /* ReelsCellViewModel.swift in Sources */,
				7C3927772BA3526C0074F87E /* UIColor+.swift in Sources */,
				7C916E072B9D99DC00C5F6C0 /* MusicRecommendViewModel.swift in Sources */,
				7C813DAC2B9ADFEF00CDFF1D /* AppDelegate.swift in Sources */,
				7C916E0B2B9D9C5500C5F6C0 /* AppCoordinator.swift in Sources */,
				7C7740092B9DA1DB00B2E6E7 /* MusicRecommendCoordinator.swift in Sources */,
				7C813DDB2B9AE2D700CDFF1D /* String+.swift in Sources */,
				7C813DAE2B9ADFEF00CDFF1D /* SceneDelegate.swift in Sources */,
				7C813DCF2B9AE26400CDFF1D /* BaseViewController.swift in Sources */,
				7C6EE4D82BAEE6D600087EF2 /* UIControl+.swift in Sources */,
				7C7740072B9DA19E00B2E6E7 /* ReelsCoordinator.swift in Sources */,
				7C813DF62B9AF6A300CDFF1D /* MusicChartsCell.swift in Sources */,
				7C7740162B9DA64200B2E6E7 /* FMConst.swift in Sources */,
				7C66F05C2BB15AC800530C27 /* UINavigationController+.swift in Sources */,
				7C03F7CE2BA1792C00FB748C /* Repository.swift in Sources */,
				7C044BF82BADA7B5007E910E /* LibraryListCoordinator.swift in Sources */,
				7CF60D732B9EE60E001769BD /* UserLibrary.swift in Sources */,
				7C813DFD2B9B13AB00CDFF1D /* UIVIewController+.swift in Sources */,
				7C916E092B9D9BC000C5F6C0 /* Coordinator.swift in Sources */,
				7CE9CA602BB94605006A2B91 /* SubscriptionManager.swift in Sources */,
				7C131C542BA44387004B3FF2 /* MusicRepository.swift in Sources */,
				7C03F7CC2BA177FA00FB748C /* UserPlaylistRepository.swift in Sources */,
				7C813DD72B9AE2B800CDFF1D /* Then+.swift in Sources */,
				7C813DD92B9AE2CD00CDFF1D /* UIView+.swift in Sources */,
				7C813DE12B9AE31C00CDFF1D /* MusicPlayerViewController.swift in Sources */,
				7C813DD32B9AE28D00CDFF1D /* BaseTableViewCell.swift in Sources */,
				7C3927692BA341590074F87E /* MusicRecommendViewController.swift in Sources */,
				7C813DEF2B9AE3B200CDFF1D /* FMMusicPlayer.swift in Sources */,
				7C2F2A5A2BB075A900FE6CE2 /* LaunchViewController.swift in Sources */,
				7C773FFF2B9DA15100B2E6E7 /* LibraryViewController.swift in Sources */,
				7C446E642BA5E20900AAC5CB /* BaseCollectionView.swift in Sources */,
				7C39276F2BA341BA0074F87E /* TrendingHeaderView.swift in Sources */,
				7C916E122B9DA00100C5F6C0 /* ReelsViewController.swift in Sources */,
				7C03F7D02BA179D800FB748C /* Array+.swift in Sources */,
				7C7740052B9DA19100B2E6E7 /* MusicPlayerCoordinator.swift in Sources */,
				7C813DD12B9AE27100CDFF1D /* BaseView.swift in Sources */,
				7C7740102B9DA45400B2E6E7 /* UserViewController.swift in Sources */,
				7C813DEB2B9AE39300CDFF1D /* MusicListViewController.swift in Sources */,
				7C446E682BA623AB00AAC5CB /* ArtworkHeaderView.swift in Sources */,
				7C131C5B2BA4ADC1004B3FF2 /* MiniPlayerView.swift in Sources */,
				7C813E032B9B15D900CDFF1D /* MusicListCell.swift in Sources */,
				7C3927672BA32B150074F87E /* FMSlider.swift in Sources */,
				7C813DE42B9AE33200CDFF1D /* MusicPlayerViewModel.swift in Sources */,
				7CF64B882BA064640040E416 /* PaddingLabel.swift in Sources */,
				7C77400E2B9DA44C00B2E6E7 /* UserViewModel.swift in Sources */,
				7C131C592BA4730A004B3FF2 /* UserDefaultsManager.swift in Sources */,
				7C7740032B9DA18700B2E6E7 /* MusicListCoordinator.swift in Sources */,
				7C46F49C2BBB239900AC9960 /* TrendingFooterView.swift in Sources */,
				7C916E142B9DA01200C5F6C0 /* ReelsCell.swift in Sources */,
				7C044BF42BADA71F007E910E /* LibraryListViewController.swift in Sources */,
				7C916E102B9D9FF500C5F6C0 /* ReelsViewModel.swift in Sources */,
				7C813DE62B9AE34100CDFF1D /* ViewModel.swift in Sources */,
				7C6B06DC2BA2012D00726AD0 /* LibraryCell.swift in Sources */,
				7C044BF62BADA74D007E910E /* LibraryListViewModel.swift in Sources */,
				7C813DED2B9AE3A500CDFF1D /* MusicListViewModel.swift in Sources */,
				7C3927712BA3420C0074F87E /* AlbumArtCell.swift in Sources */,
				7C7740142B9DA62F00B2E6E7 /* FMDesign.swift in Sources */,
				7C3927752BA34FF60074F87E /* PlaylistCell.swift in Sources */,
				7C7740122B9DA45B00B2E6E7 /* UserCoordinator.swift in Sources */,
				7C7740012B9DA16F00B2E6E7 /* LibraryCoordinator.swift in Sources */,
				7C446E622BA5B7D800AAC5CB /* UserSetting.swift in Sources */,
				7C3927732BA343B30074F87E /* ArtistCell.swift in Sources */,
				7C773FFD2B9DA13F00B2E6E7 /* LibraryViewModel.swift in Sources */,
				7C286FD92BA88B1700244559 /* MixCell.swift in Sources */,
				7C0B94352BA991E600F6E2C0 /* MarqueeLabel.swift in Sources */,
				7C813DD52B9AE29F00CDFF1D /* BaseCollectionViewCell.swift in Sources */,
				7C446E662BA6150E00AAC5CB /* PlaylistMenuButton.swift in Sources */,
			);
			runOnlyForDeploymentPostprocessing = 0;
		};
/* End PBXSourcesBuildPhase section */

/* Begin PBXVariantGroup section */
		7C813DB62B9ADFF000CDFF1D /* LaunchScreen.storyboard */ = {
			isa = PBXVariantGroup;
			children = (
				7C813DB72B9ADFF000CDFF1D /* Base */,
			);
			name = LaunchScreen.storyboard;
			sourceTree = "<group>";
		};
/* End PBXVariantGroup section */

/* Begin XCBuildConfiguration section */
		7C813DBA2B9ADFF000CDFF1D /* Debug */ = {
			isa = XCBuildConfiguration;
			buildSettings = {
				ALWAYS_SEARCH_USER_PATHS = NO;
				ASSETCATALOG_COMPILER_GENERATE_SWIFT_ASSET_SYMBOL_EXTENSIONS = YES;
				CLANG_ANALYZER_NONNULL = YES;
				CLANG_ANALYZER_NUMBER_OBJECT_CONVERSION = YES_AGGRESSIVE;
				CLANG_CXX_LANGUAGE_STANDARD = "gnu++20";
				CLANG_ENABLE_MODULES = YES;
				CLANG_ENABLE_OBJC_ARC = YES;
				CLANG_ENABLE_OBJC_WEAK = YES;
				CLANG_WARN_BLOCK_CAPTURE_AUTORELEASING = YES;
				CLANG_WARN_BOOL_CONVERSION = YES;
				CLANG_WARN_COMMA = YES;
				CLANG_WARN_CONSTANT_CONVERSION = YES;
				CLANG_WARN_DEPRECATED_OBJC_IMPLEMENTATIONS = YES;
				CLANG_WARN_DIRECT_OBJC_ISA_USAGE = YES_ERROR;
				CLANG_WARN_DOCUMENTATION_COMMENTS = YES;
				CLANG_WARN_EMPTY_BODY = YES;
				CLANG_WARN_ENUM_CONVERSION = YES;
				CLANG_WARN_INFINITE_RECURSION = YES;
				CLANG_WARN_INT_CONVERSION = YES;
				CLANG_WARN_NON_LITERAL_NULL_CONVERSION = YES;
				CLANG_WARN_OBJC_IMPLICIT_RETAIN_SELF = YES;
				CLANG_WARN_OBJC_LITERAL_CONVERSION = YES;
				CLANG_WARN_OBJC_ROOT_CLASS = YES_ERROR;
				CLANG_WARN_QUOTED_INCLUDE_IN_FRAMEWORK_HEADER = YES;
				CLANG_WARN_RANGE_LOOP_ANALYSIS = YES;
				CLANG_WARN_STRICT_PROTOTYPES = YES;
				CLANG_WARN_SUSPICIOUS_MOVE = YES;
				CLANG_WARN_UNGUARDED_AVAILABILITY = YES_AGGRESSIVE;
				CLANG_WARN_UNREACHABLE_CODE = YES;
				CLANG_WARN__DUPLICATE_METHOD_MATCH = YES;
				COPY_PHASE_STRIP = NO;
				DEBUG_INFORMATION_FORMAT = dwarf;
				ENABLE_STRICT_OBJC_MSGSEND = YES;
				ENABLE_TESTABILITY = YES;
				ENABLE_USER_SCRIPT_SANDBOXING = YES;
				GCC_C_LANGUAGE_STANDARD = gnu17;
				GCC_DYNAMIC_NO_PIC = NO;
				GCC_NO_COMMON_BLOCKS = YES;
				GCC_OPTIMIZATION_LEVEL = 0;
				GCC_PREPROCESSOR_DEFINITIONS = (
					"DEBUG=1",
					"$(inherited)",
				);
				GCC_WARN_64_TO_32_BIT_CONVERSION = YES;
				GCC_WARN_ABOUT_RETURN_TYPE = YES_ERROR;
				GCC_WARN_UNDECLARED_SELECTOR = YES;
				GCC_WARN_UNINITIALIZED_AUTOS = YES_AGGRESSIVE;
				GCC_WARN_UNUSED_FUNCTION = YES;
				GCC_WARN_UNUSED_VARIABLE = YES;
				IPHONEOS_DEPLOYMENT_TARGET = 16.4;
				LOCALIZATION_PREFERS_STRING_CATALOGS = YES;
				MTL_ENABLE_DEBUG_INFO = INCLUDE_SOURCE;
				MTL_FAST_MATH = YES;
				ONLY_ACTIVE_ARCH = YES;
				SDKROOT = iphoneos;
				SWIFT_ACTIVE_COMPILATION_CONDITIONS = "DEBUG $(inherited)";
				SWIFT_OPTIMIZATION_LEVEL = "-Onone";
			};
			name = Debug;
		};
		7C813DBB2B9ADFF000CDFF1D /* Release */ = {
			isa = XCBuildConfiguration;
			buildSettings = {
				ALWAYS_SEARCH_USER_PATHS = NO;
				ASSETCATALOG_COMPILER_GENERATE_SWIFT_ASSET_SYMBOL_EXTENSIONS = YES;
				CLANG_ANALYZER_NONNULL = YES;
				CLANG_ANALYZER_NUMBER_OBJECT_CONVERSION = YES_AGGRESSIVE;
				CLANG_CXX_LANGUAGE_STANDARD = "gnu++20";
				CLANG_ENABLE_MODULES = YES;
				CLANG_ENABLE_OBJC_ARC = YES;
				CLANG_ENABLE_OBJC_WEAK = YES;
				CLANG_WARN_BLOCK_CAPTURE_AUTORELEASING = YES;
				CLANG_WARN_BOOL_CONVERSION = YES;
				CLANG_WARN_COMMA = YES;
				CLANG_WARN_CONSTANT_CONVERSION = YES;
				CLANG_WARN_DEPRECATED_OBJC_IMPLEMENTATIONS = YES;
				CLANG_WARN_DIRECT_OBJC_ISA_USAGE = YES_ERROR;
				CLANG_WARN_DOCUMENTATION_COMMENTS = YES;
				CLANG_WARN_EMPTY_BODY = YES;
				CLANG_WARN_ENUM_CONVERSION = YES;
				CLANG_WARN_INFINITE_RECURSION = YES;
				CLANG_WARN_INT_CONVERSION = YES;
				CLANG_WARN_NON_LITERAL_NULL_CONVERSION = YES;
				CLANG_WARN_OBJC_IMPLICIT_RETAIN_SELF = YES;
				CLANG_WARN_OBJC_LITERAL_CONVERSION = YES;
				CLANG_WARN_OBJC_ROOT_CLASS = YES_ERROR;
				CLANG_WARN_QUOTED_INCLUDE_IN_FRAMEWORK_HEADER = YES;
				CLANG_WARN_RANGE_LOOP_ANALYSIS = YES;
				CLANG_WARN_STRICT_PROTOTYPES = YES;
				CLANG_WARN_SUSPICIOUS_MOVE = YES;
				CLANG_WARN_UNGUARDED_AVAILABILITY = YES_AGGRESSIVE;
				CLANG_WARN_UNREACHABLE_CODE = YES;
				CLANG_WARN__DUPLICATE_METHOD_MATCH = YES;
				COPY_PHASE_STRIP = NO;
				DEBUG_INFORMATION_FORMAT = "dwarf-with-dsym";
				ENABLE_NS_ASSERTIONS = NO;
				ENABLE_STRICT_OBJC_MSGSEND = YES;
				ENABLE_USER_SCRIPT_SANDBOXING = YES;
				GCC_C_LANGUAGE_STANDARD = gnu17;
				GCC_NO_COMMON_BLOCKS = YES;
				GCC_WARN_64_TO_32_BIT_CONVERSION = YES;
				GCC_WARN_ABOUT_RETURN_TYPE = YES_ERROR;
				GCC_WARN_UNDECLARED_SELECTOR = YES;
				GCC_WARN_UNINITIALIZED_AUTOS = YES_AGGRESSIVE;
				GCC_WARN_UNUSED_FUNCTION = YES;
				GCC_WARN_UNUSED_VARIABLE = YES;
				IPHONEOS_DEPLOYMENT_TARGET = 16.4;
				LOCALIZATION_PREFERS_STRING_CATALOGS = YES;
				MTL_ENABLE_DEBUG_INFO = NO;
				MTL_FAST_MATH = YES;
				SDKROOT = iphoneos;
				SWIFT_COMPILATION_MODE = wholemodule;
				VALIDATE_PRODUCT = YES;
			};
			name = Release;
		};
		7C813DBD2B9ADFF000CDFF1D /* Debug */ = {
			isa = XCBuildConfiguration;
			buildSettings = {
				ASSETCATALOG_COMPILER_APPICON_NAME = AppIcon;
				ASSETCATALOG_COMPILER_GLOBAL_ACCENT_COLOR_NAME = AccentColor;
				CODE_SIGN_STYLE = Automatic;
				CURRENT_PROJECT_VERSION = 1;
				DEBUG_INFORMATION_FORMAT = "dwarf-with-dsym";
				DEVELOPMENT_TEAM = W6X76DS4Z7;
				GENERATE_INFOPLIST_FILE = YES;
				INFOPLIST_FILE = LilsMusic/Info.plist;
				INFOPLIST_KEY_CFBundleDisplayName = LilsMusic;
				INFOPLIST_KEY_LSApplicationCategoryType = "public.app-category.music";
				INFOPLIST_KEY_NSAppleMusicUsageDescription = "Permission is required to use the app service with AppleMusic. Please allow access to continue.";
				INFOPLIST_KEY_UIApplicationSupportsIndirectInputEvents = YES;
				INFOPLIST_KEY_UILaunchStoryboardName = LaunchScreen;
				INFOPLIST_KEY_UISupportedInterfaceOrientations = UIInterfaceOrientationPortrait;
				INFOPLIST_KEY_UISupportedInterfaceOrientations_iPad = "UIInterfaceOrientationLandscapeLeft UIInterfaceOrientationLandscapeRight UIInterfaceOrientationPortrait UIInterfaceOrientationPortraitUpsideDown";
				INFOPLIST_KEY_UIUserInterfaceStyle = Light;
				LD_RUNPATH_SEARCH_PATHS = (
					"$(inherited)",
					"@executable_path/Frameworks",
				);
				MARKETING_VERSION = 1.1.1;
				OTHER_LDFLAGS = "-ObjC";
				PRODUCT_BUNDLE_IDENTIFIER = com.thekoon.LilsMusic;
				PRODUCT_NAME = "$(TARGET_NAME)";
				SUPPORTED_PLATFORMS = "iphoneos iphonesimulator";
				SUPPORTS_MACCATALYST = NO;
				SUPPORTS_MAC_DESIGNED_FOR_IPHONE_IPAD = NO;
				SUPPORTS_XR_DESIGNED_FOR_IPHONE_IPAD = NO;
				SWIFT_EMIT_LOC_STRINGS = YES;
				SWIFT_VERSION = 5.0;
				TARGETED_DEVICE_FAMILY = 1;
			};
			name = Debug;
		};
		7C813DBE2B9ADFF000CDFF1D /* Release */ = {
			isa = XCBuildConfiguration;
			buildSettings = {
				ASSETCATALOG_COMPILER_APPICON_NAME = AppIcon;
				ASSETCATALOG_COMPILER_GLOBAL_ACCENT_COLOR_NAME = AccentColor;
				CODE_SIGN_STYLE = Automatic;
				CURRENT_PROJECT_VERSION = 1;
				DEVELOPMENT_TEAM = W6X76DS4Z7;
				GENERATE_INFOPLIST_FILE = YES;
				INFOPLIST_FILE = LilsMusic/Info.plist;
				INFOPLIST_KEY_CFBundleDisplayName = LilsMusic;
				INFOPLIST_KEY_LSApplicationCategoryType = "public.app-category.music";
				INFOPLIST_KEY_NSAppleMusicUsageDescription = "Permission is required to use the app service with AppleMusic. Please allow access to continue.";
				INFOPLIST_KEY_UIApplicationSupportsIndirectInputEvents = YES;
				INFOPLIST_KEY_UILaunchStoryboardName = LaunchScreen;
				INFOPLIST_KEY_UISupportedInterfaceOrientations = UIInterfaceOrientationPortrait;
				INFOPLIST_KEY_UISupportedInterfaceOrientations_iPad = "UIInterfaceOrientationLandscapeLeft UIInterfaceOrientationLandscapeRight UIInterfaceOrientationPortrait UIInterfaceOrientationPortraitUpsideDown";
				INFOPLIST_KEY_UIUserInterfaceStyle = Light;
				LD_RUNPATH_SEARCH_PATHS = (
					"$(inherited)",
					"@executable_path/Frameworks",
				);
				MARKETING_VERSION = 1.1.1;
				OTHER_LDFLAGS = "-ObjC";
				PRODUCT_BUNDLE_IDENTIFIER = com.thekoon.LilsMusic;
				PRODUCT_NAME = "$(TARGET_NAME)";
				SUPPORTED_PLATFORMS = "iphoneos iphonesimulator";
				SUPPORTS_MACCATALYST = NO;
				SUPPORTS_MAC_DESIGNED_FOR_IPHONE_IPAD = NO;
				SUPPORTS_XR_DESIGNED_FOR_IPHONE_IPAD = NO;
				SWIFT_EMIT_LOC_STRINGS = YES;
				SWIFT_VERSION = 5.0;
				TARGETED_DEVICE_FAMILY = 1;
			};
			name = Release;
		};
/* End XCBuildConfiguration section */

/* Begin XCConfigurationList section */
		7C813DA32B9ADFEF00CDFF1D /* Build configuration list for PBXProject "LilsMusic" */ = {
			isa = XCConfigurationList;
			buildConfigurations = (
				7C813DBA2B9ADFF000CDFF1D /* Debug */,
				7C813DBB2B9ADFF000CDFF1D /* Release */,
			);
			defaultConfigurationIsVisible = 0;
			defaultConfigurationName = Release;
		};
		7C813DBC2B9ADFF000CDFF1D /* Build configuration list for PBXNativeTarget "LilsMusic" */ = {
			isa = XCConfigurationList;
			buildConfigurations = (
				7C813DBD2B9ADFF000CDFF1D /* Debug */,
				7C813DBE2B9ADFF000CDFF1D /* Release */,
			);
			defaultConfigurationIsVisible = 0;
			defaultConfigurationName = Release;
		};
/* End XCConfigurationList section */

/* Begin XCRemoteSwiftPackageReference section */
		7C03F7BD2BA1762500FB748C /* XCRemoteSwiftPackageReference "realm-swift" */ = {
			isa = XCRemoteSwiftPackageReference;
			repositoryURL = "https://github.com/realm/realm-swift";
			requirement = {
				branch = master;
				kind = branch;
			};
		};
		7C03F7C22BA1765A00FB748C /* XCRemoteSwiftPackageReference "RxSwift" */ = {
			isa = XCRemoteSwiftPackageReference;
			repositoryURL = "https://github.com/ReactiveX/RxSwift";
			requirement = {
				kind = upToNextMajorVersion;
				minimumVersion = 6.6.0;
			};
		};
		7C0F59CA2BB1CC03009BA3B0 /* XCRemoteSwiftPackageReference "firebase-ios-sdk" */ = {
			isa = XCRemoteSwiftPackageReference;
			repositoryURL = "https://github.com/firebase/firebase-ios-sdk";
			requirement = {
				kind = upToNextMajorVersion;
				minimumVersion = 10.23.0;
			};
		};
		7C131C5C2BA4B93F004B3FF2 /* XCRemoteSwiftPackageReference "RxGesture" */ = {
			isa = XCRemoteSwiftPackageReference;
			repositoryURL = "https://github.com/RxSwiftCommunity/RxGesture.git";
			requirement = {
				kind = upToNextMajorVersion;
				minimumVersion = 4.0.4;
			};
		};
		7C66F05D2BB1C09800530C27 /* XCRemoteSwiftPackageReference "MarqueeLabel" */ = {
			isa = XCRemoteSwiftPackageReference;
			repositoryURL = "https://github.com/cbpowell/MarqueeLabel.git";
			requirement = {
				kind = upToNextMajorVersion;
				minimumVersion = 4.5.0;
			};
		};
		7C6B06D82BA1FE8000726AD0 /* XCRemoteSwiftPackageReference "CollectionViewPagingLayout" */ = {
			isa = XCRemoteSwiftPackageReference;
			repositoryURL = "https://github.com/amirdew/CollectionViewPagingLayout";
			requirement = {
				kind = upToNextMajorVersion;
				minimumVersion = 1.1.0;
			};
		};
		7C813DC82B9AE24300CDFF1D /* XCRemoteSwiftPackageReference "SnapKit" */ = {
			isa = XCRemoteSwiftPackageReference;
			repositoryURL = "https://github.com/SnapKit/SnapKit";
			requirement = {
				kind = upToNextMajorVersion;
				minimumVersion = 5.7.1;
			};
		};
		7C813DCB2B9AE24D00CDFF1D /* XCRemoteSwiftPackageReference "Kingfisher" */ = {
			isa = XCRemoteSwiftPackageReference;
			repositoryURL = "https://github.com/onevcat/Kingfisher";
			requirement = {
				kind = upToNextMajorVersion;
				minimumVersion = 7.11.0;
			};
		};
/* End XCRemoteSwiftPackageReference section */

/* Begin XCSwiftPackageProductDependency section */
		7C03F7BE2BA1762500FB748C /* Realm */ = {
			isa = XCSwiftPackageProductDependency;
			package = 7C03F7BD2BA1762500FB748C /* XCRemoteSwiftPackageReference "realm-swift" */;
			productName = Realm;
		};
		7C03F7C02BA1762500FB748C /* RealmSwift */ = {
			isa = XCSwiftPackageProductDependency;
			package = 7C03F7BD2BA1762500FB748C /* XCRemoteSwiftPackageReference "realm-swift" */;
			productName = RealmSwift;
		};
		7C03F7C32BA1765A00FB748C /* RxCocoa */ = {
			isa = XCSwiftPackageProductDependency;
			package = 7C03F7C22BA1765A00FB748C /* XCRemoteSwiftPackageReference "RxSwift" */;
			productName = RxCocoa;
		};
		7C03F7C52BA1765A00FB748C /* RxSwift */ = {
			isa = XCSwiftPackageProductDependency;
			package = 7C03F7C22BA1765A00FB748C /* XCRemoteSwiftPackageReference "RxSwift" */;
			productName = RxSwift;
		};
		7C0F59CB2BB1CC03009BA3B0 /* FirebaseAnalyticsWithoutAdIdSupport */ = {
			isa = XCSwiftPackageProductDependency;
			package = 7C0F59CA2BB1CC03009BA3B0 /* XCRemoteSwiftPackageReference "firebase-ios-sdk" */;
			productName = FirebaseAnalyticsWithoutAdIdSupport;
		};
		7C0F59CD2BB1CC03009BA3B0 /* FirebaseCrashlytics */ = {
			isa = XCSwiftPackageProductDependency;
			package = 7C0F59CA2BB1CC03009BA3B0 /* XCRemoteSwiftPackageReference "firebase-ios-sdk" */;
			productName = FirebaseCrashlytics;
		};
		7C131C5D2BA4B93F004B3FF2 /* RxGesture */ = {
			isa = XCSwiftPackageProductDependency;
			package = 7C131C5C2BA4B93F004B3FF2 /* XCRemoteSwiftPackageReference "RxGesture" */;
			productName = RxGesture;
		};
		7C66F05E2BB1C09800530C27 /* MarqueeLabel */ = {
			isa = XCSwiftPackageProductDependency;
			package = 7C66F05D2BB1C09800530C27 /* XCRemoteSwiftPackageReference "MarqueeLabel" */;
			productName = MarqueeLabel;
		};
		7C6B06D92BA1FE8000726AD0 /* CollectionViewPagingLayout */ = {
			isa = XCSwiftPackageProductDependency;
			package = 7C6B06D82BA1FE8000726AD0 /* XCRemoteSwiftPackageReference "CollectionViewPagingLayout" */;
			productName = CollectionViewPagingLayout;
		};
		7C813DC92B9AE24300CDFF1D /* SnapKit */ = {
			isa = XCSwiftPackageProductDependency;
			package = 7C813DC82B9AE24300CDFF1D /* XCRemoteSwiftPackageReference "SnapKit" */;
			productName = SnapKit;
		};
		7C813DCC2B9AE24D00CDFF1D /* Kingfisher */ = {
			isa = XCSwiftPackageProductDependency;
			package = 7C813DCB2B9AE24D00CDFF1D /* XCRemoteSwiftPackageReference "Kingfisher" */;
			productName = Kingfisher;
		};
/* End XCSwiftPackageProductDependency section */
	};
	rootObject = 7C813DA02B9ADFEF00CDFF1D /* Project object */;
}
